
Microsoft Visual Studio Solution File, Format Version 12.00
# Visual Studio Version 16
VisualStudioVersion = 16.0.29306.81
MinimumVisualStudioVersion = 10.0.40219.1
Project("{FAE04EC0-301F-11D3-BF4B-00C04F79EFBC}") = "VisionCS", "VisionCS.csproj", "{31EE18BF-14F3-4BBA-8F3B-318E735307A7}"
EndProject
Global
	GlobalSection(SolutionConfigurationPlatforms) = preSolution
		Debug|Any CPU = Debug|Any CPU
		Release|Any CPU = Release|Any CPU
	EndGlobalSection
	GlobalSection(ProjectConfigurationPlatforms) = postSolution
		{31EE18BF-14F3-4BBA-8F3B-318E735307A7}.Debug|Any CPU.ActiveCfg = Debug|Any CPU
		{31EE18BF-14F3-4BBA-8F3B-318E735307A7}.Debug|Any CPU.Build.0 = Debug|Any CPU
		{31EE18BF-14F3-4BBA-8F3B-318E735307A7}.Release|Any CPU.ActiveCfg = Release|Any CPU
		{31EE18BF-14F3-4BBA-8F3B-318E735307A7}.Release|Any CPU.Build.0 = Release|Any CPU
	EndGlobalSection
	GlobalSection(SolutionProperties) = preSolution
		HideSolutionNode = FALSE
	EndGlobalSection
	GlobalSection(ExtensibilityGlobals) = postSolution
		SolutionGuid = {CBA53798-1E1F-4377-B079-47535509C4A3}
	EndGlobalSection
EndGlobal
